
Microsoft Visual Studio Solution File, Format Version 12.00
# Visual Studio Version 17
VisualStudioVersion = 17.0.31903.59
MinimumVisualStudioVersion = 10.0.40219.1
Project("{2150E333-8FDC-42A3-9474-1A3956D46DE8}") = "src", "src", "{51E0B84B-B410-4191-A25F-AA962F5672F3}"
EndProject
Project("{FAE04EC0-301F-11D3-BF4B-00C04F79EFBC}") = "SIDM.App", "src\SIDM.App\SIDM.App.csproj", "{C13018B2-6593-4B9C-AFCE-E3E8FB28C5EB}"
EndProject
Project("{FAE04EC0-301F-11D3-BF4B-00C04F79EFBC}") = "SIDM.Core", "src\SIDM.Core\SIDM.Core.csproj", "{A82A4CC0-BBBC-479C-9897-CC3214BA7F66}"
EndProject
Project("{FAE04EC0-301F-11D3-BF4B-00C04F79EFBC}") = "SIDM.Data", "src\SIDM.Data\SIDM.Data.csproj", "{39169D0B-F4F1-4A16-8E50-AD6263A9174C}"
EndProject
Project("{FAE04EC0-301F-11D3-BF4B-00C04F79EFBC}") = "SIDM.BrowserHost", "src\SIDM.BrowserHost\SIDM.BrowserHost.csproj", "{CD880922-BEB1-433F-85B3-56622ED6EBDC}"
EndProject
Project("{FAE04EC0-301F-11D3-BF4B-00C04F79EFBC}") = "SIDM.VideoGrabber", "src\SIDM.VideoGrabber\SIDM.VideoGrabber.csproj", "{41792960-BA3C-4E2C-8BBA-3B495E93B237}"
EndProject
Project("{2150E333-8FDC-42A3-9474-1A3956D46DE8}") = "tests", "tests", "{5AEA4A95-02A1-4A81-BD48-E4F4D7486ACA}"
EndProject
Project("{FAE04EC0-301F-11D3-BF4B-00C04F79EFBC}") = "SIDM.Core.Tests", "tests\SIDM.Core.Tests\SIDM.Core.Tests.csproj", "{7C487E31-9022-437A-A473-3CA6D3BC7E24}"
EndProject
Project("{FAE04EC0-301F-11D3-BF4B-00C04F79EFBC}") = "SIDM.Data.Tests", "tests\SIDM.Data.Tests\SIDM.Data.Tests.csproj", "{D079F1E6-4BA7-4444-AADE-D8D5A0BFBB11}"
EndProject
Project("{FAE04EC0-301F-11D3-BF4B-00C04F79EFBC}") = "SIDM.IntegrationTests", "tests\SIDM.IntegrationTests\SIDM.IntegrationTests.csproj", "{178FE82C-1944-4AA9-803D-133A92748250}"
EndProject
Project("{FAE04EC0-301F-11D3-BF4B-00C04F79EFBC}") = "SIDM.Ipc", "src\SIDM.Ipc\SIDM.Ipc.csproj", "{4D510762-52A8-4654-807C-AF71C5D421EF}"
EndProject
Global
	GlobalSection(SolutionConfigurationPlatforms) = preSolution
		Debug|Any CPU = Debug|Any CPU
		Release|Any CPU = Release|Any CPU
	EndGlobalSection
	GlobalSection(SolutionProperties) = preSolution
		HideSolutionNode = FALSE
	EndGlobalSection
	GlobalSection(ProjectConfigurationPlatforms) = postSolution
		{C13018B2-6593-4B9C-AFCE-E3E8FB28C5EB}.Debug|Any CPU.ActiveCfg = Debug|Any CPU
		{C13018B2-6593-4B9C-AFCE-E3E8FB28C5EB}.Debug|Any CPU.Build.0 = Debug|Any CPU
		{C13018B2-6593-4B9C-AFCE-E3E8FB28C5EB}.Release|Any CPU.ActiveCfg = Release|Any CPU
		{C13018B2-6593-4B9C-AFCE-E3E8FB28C5EB}.Release|Any CPU.Build.0 = Release|Any CPU
		{A82A4CC0-BBBC-479C-9897-CC3214BA7F66}.Debug|Any CPU.ActiveCfg = Debug|Any CPU
		{A82A4CC0-BBBC-479C-9897-CC3214BA7F66}.Debug|Any CPU.Build.0 = Debug|Any CPU
		{A82A4CC0-BBBC-479C-9897-CC3214BA7F66}.Release|Any CPU.ActiveCfg = Release|Any CPU
		{A82A4CC0-BBBC-479C-9897-CC3214BA7F66}.Release|Any CPU.Build.0 = Release|Any CPU
		{39169D0B-F4F1-4A16-8E50-AD6263A9174C}.Debug|Any CPU.ActiveCfg = Debug|Any CPU
		{39169D0B-F4F1-4A16-8E50-AD6263A9174C}.Debug|Any CPU.Build.0 = Debug|Any CPU
		{39169D0B-F4F1-4A16-8E50-AD6263A9174C}.Release|Any CPU.ActiveCfg = Release|Any CPU
		{39169D0B-F4F1-4A16-8E50-AD6263A9174C}.Release|Any CPU.Build.0 = Release|Any CPU
		{CD880922-BEB1-433F-85B3-56622ED6EBDC}.Debug|Any CPU.ActiveCfg = Debug|Any CPU
		{CD880922-BEB1-433F-85B3-56622ED6EBDC}.Debug|Any CPU.Build.0 = Debug|Any CPU
		{CD880922-BEB1-433F-85B3-56622ED6EBDC}.Release|Any CPU.ActiveCfg = Release|Any CPU
		{CD880922-BEB1-433F-85B3-56622ED6EBDC}.Release|Any CPU.Build.0 = Release|Any CPU
		{41792960-BA3C-4E2C-8BBA-3B495E93B237}.Debug|Any CPU.ActiveCfg = Debug|Any CPU
		{41792960-BA3C-4E2C-8BBA-3B495E93B237}.Debug|Any CPU.Build.0 = Debug|Any CPU
		{41792960-BA3C-4E2C-8BBA-3B495E93B237}.Release|Any CPU.ActiveCfg = Release|Any CPU
		{41792960-BA3C-4E2C-8BBA-3B495E93B237}.Release|Any CPU.Build.0 = Release|Any CPU
		{7C487E31-9022-437A-A473-3CA6D3BC7E24}.Debug|Any CPU.ActiveCfg = Debug|Any CPU
		{7C487E31-9022-437A-A473-3CA6D3BC7E24}.Debug|Any CPU.Build.0 = Debug|Any CPU
		{7C487E31-9022-437A-A473-3CA6D3BC7E24}.Release|Any CPU.ActiveCfg = Release|Any CPU
		{7C487E31-9022-437A-A473-3CA6D3BC7E24}.Release|Any CPU.Build.0 = Release|Any CPU
		{D079F1E6-4BA7-4444-AADE-D8D5A0BFBB11}.Debug|Any CPU.ActiveCfg = Debug|Any CPU
		{D079F1E6-4BA7-4444-AADE-D8D5A0BFBB11}.Debug|Any CPU.Build.0 = Debug|Any CPU
		{D079F1E6-4BA7-4444-AADE-D8D5A0BFBB11}.Release|Any CPU.ActiveCfg = Release|Any CPU
		{D079F1E6-4BA7-4444-AADE-D8D5A0BFBB11}.Release|Any CPU.Build.0 = Release|Any CPU
		{178FE82C-1944-4AA9-803D-133A92748250}.Debug|Any CPU.ActiveCfg = Debug|Any CPU
		{178FE82C-1944-4AA9-803D-133A92748250}.Debug|Any CPU.Build.0 = Debug|Any CPU
		{178FE82C-1944-4AA9-803D-133A92748250}.Release|Any CPU.ActiveCfg = Release|Any CPU
		{178FE82C-1944-4AA9-803D-133A92748250}.Release|Any CPU.Build.0 = Release|Any CPU
		{4D510762-52A8-4654-807C-AF71C5D421EF}.Debug|Any CPU.ActiveCfg = Debug|Any CPU
		{4D510762-52A8-4654-807C-AF71C5D421EF}.Debug|Any CPU.Build.0 = Debug|Any CPU
		{4D510762-52A8-4654-807C-AF71C5D421EF}.Release|Any CPU.ActiveCfg = Release|Any CPU
		{4D510762-52A8-4654-807C-AF71C5D421EF}.Release|Any CPU.Build.0 = Release|Any CPU
	EndGlobalSection
	GlobalSection(NestedProjects) = preSolution
		{C13018B2-6593-4B9C-AFCE-E3E8FB28C5EB} = {51E0B84B-B410-4191-A25F-AA962F5672F3}
		{A82A4CC0-BBBC-479C-9897-CC3214BA7F66} = {51E0B84B-B410-4191-A25F-AA962F5672F3}
		{39169D0B-F4F1-4A16-8E50-AD6263A9174C} = {51E0B84B-B410-4191-A25F-AA962F5672F3}
		{CD880922-BEB1-433F-85B3-56622ED6EBDC} = {51E0B84B-B410-4191-A25F-AA962F5672F3}
		{41792960-BA3C-4E2C-8BBA-3B495E93B237} = {51E0B84B-B410-4191-A25F-AA962F5672F3}
		{7C487E31-9022-437A-A473-3CA6D3BC7E24} = {5AEA4A95-02A1-4A81-BD48-E4F4D7486ACA}
		{D079F1E6-4BA7-4444-AADE-D8D5A0BFBB11} = {5AEA4A95-02A1-4A81-BD48-E4F4D7486ACA}
		{178FE82C-1944-4AA9-803D-133A92748250} = {5AEA4A95-02A1-4A81-BD48-E4F4D7486ACA}
		{4D510762-52A8-4654-807C-AF71C5D421EF} = {51E0B84B-B410-4191-A25F-AA962F5672F3}
	EndGlobalSection
EndGlobal
